// !$*UTF8*$!
{
	archiveVersion = 1;
	classes = {
	};
	objectVersion = 46;
	objects = {

/* Begin PBXBuildFile section */
		F06EE6641E2687E0001AE244 /* AppDelegate.swift in Sources */ = {isa = PBXBuildFile; fileRef = F06EE6631E2687E0001AE244 /* AppDelegate.swift */; };
		F06EE6661E2687E0001AE244 /* ViewController.swift in Sources */ = {isa = PBXBuildFile; fileRef = F06EE6651E2687E0001AE244 /* ViewController.swift */; };
		F06EE6691E2687E0001AE244 /* Main.storyboard in Resources */ = {isa = PBXBuildFile; fileRef = F06EE6671E2687E0001AE244 /* Main.storyboard */; };
		F06EE66B1E2687E0001AE244 /* Assets.xcassets in Resources */ = {isa = PBXBuildFile; fileRef = F06EE66A1E2687E0001AE244 /* Assets.xcassets */; };
		F06EE66E1E2687E0001AE244 /* LaunchScreen.storyboard in Resources */ = {isa = PBXBuildFile; fileRef = F06EE66C1E2687E0001AE244 /* LaunchScreen.storyboard */; };
/* End PBXBuildFile section */

/* Begin PBXFileReference section */
		F06EE6601E2687E0001AE244 /* GlobalProgressHubDemo.app */ = {isa = PBXFileReference; explicitFileType = wrapper.application; includeInIndex = 0; path = GlobalProgressHubDemo.app; sourceTree = BUILT_PRODUCTS_DIR; };
		F06EE6631E2687E0001AE244 /* AppDelegate.swift */ = {isa = PBXFileReference; lastKnownFileType = sourcecode.swift; path = AppDelegate.swift; sourceTree = "<group>"; };
		F06EE6651E2687E0001AE244 /* ViewController.swift */ = {isa = PBXFileReference; lastKnownFileType = sourcecode.swift; path = ViewController.swift; sourceTree = "<group>"; };
		F06EE6681E2687E0001AE244 /* Base */ = {isa = PBXFileReference; lastKnownFileType = file.storyboard; name = Base; path = Base.lproj/Main.storyboard; sourceTree = "<group>"; };
		F06EE66A1E2687E0001AE244 /* Assets.xcassets */ = {isa = PBXFileReference; lastKnownFileType = folder.assetcatalog; path = Assets.xcassets; sourceTree = "<group>"; };
		F06EE66D1E2687E0001AE244 /* Base */ = {isa = PBXFileReference; lastKnownFileType = file.storyboard; name = Base; path = Base.lproj/LaunchScreen.storyboard; sourceTree = "<group>"; };
		F06EE66F1E2687E0001AE244 /* Info.plist */ = {isa = PBXFileReference; lastKnownFileType = text.plist.xml; path = Info.plist; sourceTree = "<group>"; };
/* End PBXFileReference section */

/* Begin PBXFrameworksBuildPhase section */
		F06EE65D1E2687E0001AE244 /* Frameworks */ = {
			isa = PBXFrameworksBuildPhase;
			buildActionMask = 2147483647;
			files = (
			);
			runOnlyForDeploymentPostprocessing = 0;
		};
/* End PBXFrameworksBuildPhase section */

/* Begin PBXGroup section */
		F06EE6571E2687E0001AE244 = {
			isa = PBXGroup;
			children = (
				F06EE6621E2687E0001AE244 /* GlobalProgressHubDemo */,
				F06EE6611E2687E0001AE244 /* Products */,
			);
			sourceTree = "<group>";
		};
		F06EE6611E2687E0001AE244 /* Products */ = {
			isa = PBXGroup;
			children = (
				F06EE6601E2687E0001AE244 /* GlobalProgressHubDemo.app */,
			);
			name = Products;
			sourceTree = "<group>";
		};
		F06EE6621E2687E0001AE244 /* GlobalProgressHubDemo */ = {
			isa = PBXGroup;
			children = (
				F06EE6631E2687E0001AE244 /* AppDelegate.swift */,
				F06EE6651E2687E0001AE244 /* ViewController.swift */,
				F06EE6671E2687E0001AE244 /* Main.storyboard */,
				F06EE66A1E2687E0001AE244 /* Assets.xcassets */,
				F06EE66C1E2687E0001AE244 /* LaunchScreen.storyboard */,
				F06EE66F1E2687E0001AE244 /* Info.plist */,
			);
			path = GlobalProgressHubDemo;
			sourceTree = "<group>";
		};
/* End PBXGroup section */

/* Begin PBXNativeTarget section */
		F06EE65F1E2687E0001AE244 /* GlobalProgressHubDemo */ = {
			isa = PBXNativeTarget;
			buildConfigurationList = F06EE6721E2687E0001AE244 /* Build configuration list for PBXNativeTarget "GlobalProgressHubDemo" */;
			buildPhases = (
				F06EE65C1E2687E0001AE244 /* Sources */,
				F06EE65D1E2687E0001AE244 /* Frameworks */,
				F06EE65E1E2687E0001AE244 /* Resources */,
			);
			buildRules = (
			);
			dependencies = (
			);
			name = GlobalProgressHubDemo;
			productName = GlobalProgressHubDemo;
			productReference = F06EE6601E2687E0001AE244 /* GlobalProgressHubDemo.app */;
			productType = "com.apple.product-type.application";
		};
/* End PBXNativeTarget section */

/* Begin PBXProject section */
		F06EE6581E2687E0001AE244 /* Project object */ = {
			isa = PBXProject;
			attributes = {
				LastSwiftUpdateCheck = 0820;
				LastUpgradeCheck = 0820;
				ORGANIZATIONNAME = DevGo;
				TargetAttributes = {
					F06EE65F1E2687E0001AE244 = {
						CreatedOnToolsVersion = 8.2.1;
						ProvisioningStyle = Automatic;
					};
				};
			};
			buildConfigurationList = F06EE65B1E2687E0001AE244 /* Build configuration list for PBXProject "GlobalProgressHubDemo" */;
			compatibilityVersion = "Xcode 3.2";
			developmentRegion = English;
			hasScannedForEncodings = 0;
			knownRegions = (
				en,
				Base,
			);
			mainGroup = F06EE6571E2687E0001AE244;
			productRefGroup = F06EE6611E2687E0001AE244 /* Products */;
			projectDirPath = "";
			projectRoot = "";
			targets = (
				F06EE65F1E2687E0001AE244 /* GlobalProgressHubDemo */,
			);
		};
/* End PBXProject section */

/* Begin PBXResourcesBuildPhase section */
		F06EE65E1E2687E0001AE244 /* Resources */ = {
			isa = PBXResourcesBuildPhase;
			buildActionMask = 2147483647;
			files = (
				F06EE66E1E2687E0001AE244 /* LaunchScreen.storyboard in Resources */,
				F06EE66B1E2687E0001AE244 /* Assets.xcassets in Resources */,
				F06EE6691E2687E0001AE244 /* Main.storyboard in Resources */,
			);
			runOnlyForDeploymentPostprocessing = 0;
		};
/* End PBXResourcesBuildPhase section */

/* Begin PBXSourcesBuildPhase section */
		F06EE65C1E2687E0001AE244 /* Sources */ = {
			isa = PBXSourcesBuildPhase;
			buildActionMask = 2147483647;
			files = (
				F06EE6661E2687E0001AE244 /* ViewController.swift in Sources */,
				F06EE6641E2687E0001AE244 /* AppDelegate.swift in Sources */,
			);
			runOnlyForDeploymentPostprocessing = 0;
		};
/* End PBXSourcesBuildPhase section */

/* Begin PBXVariantGroup section */
		F06EE6671E2687E0001AE244 /* Main.storyboard */ = {
			isa = PBXVariantGroup;
			children = (
				F06EE6681E2687E0001AE244 /* Base */,
			);
			name = Main.storyboard;
			sourceTree = "<group>";
		};
		F06EE66C1E2687E0001AE244 /* LaunchScreen.storyboard */ = {
			isa = PBXVariantGroup;
			children = (
				F06EE66D1E2687E0001AE244 /* Base */,
			);
			name = LaunchScreen.storyboard;
			sourceTree = "<group>";
		};
/* End PBXVariantGroup section */

/* Begin XCBuildConfiguration section */
		F06EE6701E2687E0001AE244 /* Debug */ = {
			isa = XCBuildConfiguration;
			buildSettings = {
				ALWAYS_SEARCH_USER_PATHS = NO;
				CLANG_ANALYZER_NONNULL = YES;
				CLANG_CXX_LANGUAGE_STANDARD = "gnu++0x";
				CLANG_CXX_LIBRARY = "libc++";
				CLANG_ENABLE_MODULES = YES;
				CLANG_ENABLE_OBJC_ARC = YES;
				CLANG_WARN_BOOL_CONVERSION = YES;
				CLANG_WARN_CONSTANT_CONVERSION = YES;
				CLANG_WARN_DIRECT_OBJC_ISA_USAGE = YES_ERROR;
				CLANG_WARN_DOCUMENTATION_COMMENTS = YES;
				CLANG_WARN_EMPTY_BODY = YES;
				CLANG_WARN_ENUM_CONVERSION = YES;
				CLANG_WARN_INFINITE_RECURSION = YES;
				CLANG_WARN_INT_CONVERSION = YES;
				CLANG_WARN_OBJC_ROOT_CLASS = YES_ERROR;
				CLANG_WARN_SUSPICIOUS_MOVE = YES;
				CLANG_WARN_UNREACHABLE_CODE = YES;
				CLANG_WARN__DUPLICATE_METHOD_MATCH = YES;
				"CODE_SIGN_IDENTITY[sdk=iphoneos*]" = "iPhone Developer";
				COPY_PHASE_STRIP = NO;
				DEBUG_INFORMATION_FORMAT = dwarf;
				ENABLE_STRICT_OBJC_MSGSEND = YES;
				ENABLE_TESTABILITY = YES;
				GCC_C_LANGUAGE_STANDARD = gnu99;
				GCC_DYNAMIC_NO_PIC = NO;
				GCC_NO_COMMON_BLOCKS = YES;
				GCC_OPTIMIZATION_LEVEL = 0;
				GCC_PREPROCESSOR_DEFINITIONS = (
					"DEBUG=1",
					"$(inherited)",
				);
				GCC_WARN_64_TO_32_BIT_CONVERSION = YES;
				GCC_WARN_ABOUT_RETURN_TYPE = YES_ERROR;
				GCC_WARN_UNDECLARED_SELECTOR = YES;
				GCC_WARN_UNINITIALIZED_AUTOS = YES_AGGRESSIVE;
				GCC_WARN_UNUSED_FUNCTION = YES;
				GCC_WARN_UNUSED_VARIABLE = YES;
				IPHONEOS_DEPLOYMENT_TARGET = 10.2;
				MTL_ENABLE_DEBUG_INFO = YES;
				ONLY_ACTIVE_ARCH = YES;
				SDKROOT = iphoneos;
				SWIFT_ACTIVE_COMPILATION_CONDITIONS = DEBUG;
				SWIFT_OPTIMIZATION_LEVEL = "-Onone";
			};
			name = Debug;
		};
		F06EE6711E2687E0001AE244 /* Release */ = {
			isa = XCBuildConfiguration;
			buildSettings = {
				ALWAYS_SEARCH_USER_PATHS = NO;
				CLANG_ANALYZER_NONNULL = YES;
				CLANG_CXX_LANGUAGE_STANDARD = "gnu++0x";
				CLANG_CXX_LIBRARY = "libc++";
				CLANG_ENABLE_MODULES = YES;
				CLANG_ENABLE_OBJC_ARC = YES;
				CLANG_WARN_BOOL_CONVERSION = YES;
				CLANG_WARN_CONSTANT_CONVERSION = YES;
				CLANG_WARN_DIRECT_OBJC_ISA_USAGE = YES_ERROR;
				CLANG_WARN_DOCUMENTATION_COMMENTS = YES;
				CLANG_WARN_EMPTY_BODY = YES;
				CLANG_WARN_ENUM_CONVERSION = YES;
				CLANG_WARN_INFINITE_RECURSION = YES;
				CLANG_WARN_INT_CONVERSION = YES;
				CLANG_WARN_OBJC_ROOT_CLASS = YES_ERROR;
				CLANG_WARN_SUSPICIOUS_MOVE = YES;
				CLANG_WARN_UNREACHABLE_CODE = YES;
				CLANG_WARN__DUPLICATE_METHOD_MATCH = YES;
				"CODE_SIGN_IDENTITY[sdk=iphoneos*]" = "iPhone Developer";
				COPY_PHASE_STRIP = NO;
				DEBUG_INFORMATION_FORMAT = "dwarf-with-dsym";
				ENABLE_NS_ASSERTIONS = NO;
				ENABLE_STRICT_OBJC_MSGSEND = YES;
				GCC_C_LANGUAGE_STANDARD = gnu99;
				GCC_NO_COMMON_BLOCKS = YES;
				GCC_WARN_64_TO_32_BIT_CONVERSION = YES;
				GCC_WARN_ABOUT_RETURN_TYPE = YES_ERROR;
				GCC_WARN_UNDECLARED_SELECTOR = YES;
				GCC_WARN_UNINITIALIZED_AUTOS = YES_AGGRESSIVE;
				GCC_WARN_UNUSED_FUNCTION = YES;
				GCC_WARN_UNUSED_VARIABLE = YES;
				IPHONEOS_DEPLOYMENT_TARGET = 10.2;
				MTL_ENABLE_DEBUG_INFO = NO;
				SDKROOT = iphoneos;
				SWIFT_OPTIMIZATION_LEVEL = "-Owholemodule";
				VALIDATE_PRODUCT = YES;
			};
			name = Release;
		};
		F06EE6731E2687E0001AE244 /* Debug */ = {
			isa = XCBuildConfiguration;
			buildSettings = {
				ASSETCATALOG_COMPILER_APPICON_NAME = AppIcon;
				INFOPLIST_FILE = GlobalProgressHubDemo/Info.plist;
				LD_RUNPATH_SEARCH_PATHS = "$(inherited) @executable_path/Frameworks";
				PRODUCT_BUNDLE_IDENTIFIER = KR.DevGo.GlobalProgressHubDemo;
				PRODUCT_NAME = "$(TARGET_NAME)";
				SWIFT_VERSION = 3.0;
			};
			name = Debug;
		};
		F06EE6741E2687E0001AE244 /* Release */ = {
			isa = XCBuildConfiguration;
			buildSettings = {
				ASSETCATALOG_COMPILER_APPICON_NAME = AppIcon;
				INFOPLIST_FILE = GlobalProgressHubDemo/Info.plist;
				LD_RUNPATH_SEARCH_PATHS = "$(inherited) @executable_path/Frameworks";
				PRODUCT_BUNDLE_IDENTIFIER = KR.DevGo.GlobalProgressHubDemo;
				PRODUCT_NAME = "$(TARGET_NAME)";
				SWIFT_VERSION = 3.0;
			};
			name = Release;
		};
/* End XCBuildConfiguration section */

/* Begin XCConfigurationList section */
		F06EE65B1E2687E0001AE244 /* Build configuration list for PBXProject "GlobalProgressHubDemo" */ = {
			isa = XCConfigurationList;
			buildConfigurations = (
				F06EE6701E2687E0001AE244 /* Debug */,
				F06EE6711E2687E0001AE244 /* Release */,
			);
			defaultConfigurationIsVisible = 0;
			defaultConfigurationName = Release;
		};
		F06EE6721E2687E0001AE244 /* Build configuration list for PBXNativeTarget "GlobalProgressHubDemo" */ = {
			isa = XCConfigurationList;
			buildConfigurations = (
				F06EE6731E2687E0001AE244 /* Debug */,
				F06EE6741E2687E0001AE244 /* Release */,
			);
			defaultConfigurationIsVisible = 0;
		};
/* End XCConfigurationList section */
	};
	rootObject = F06EE6581E2687E0001AE244 /* Project object */;
}
